
Microsoft Visual Studio Solution File, Format Version 12.00
# Visual Studio 15
VisualStudioVersion = 15.0.27703.2000
MinimumVisualStudioVersion = 10.0.40219.1
Project("{FAE04EC0-301F-11D3-BF4B-00C04F79EFBC}") = "TLE.Entities", "TLE.Entities\TLE.Entities.csproj", "{C8B3DDF5-5DE0-432A-8B46-5D9EDE1504CD}"
EndProject
Project("{FAE04EC0-301F-11D3-BF4B-00C04F79EFBC}") = "TLE.Repository", "TLE.Repository\TLE.Repository.csproj", "{91F9AC4A-589E-450F-9203-6DC5129C854D}"
EndProject
Project("{FAE04EC0-301F-11D3-BF4B-00C04F79EFBC}") = "TLE.Service", "TLE.Service\TLE.Service.csproj", "{D8BEF8DE-661D-44DE-9650-99BFB4C0AA9B}"
EndProject
Project("{E24C65DC-7377-472B-9ABA-BC803B73C61A}") = "UI", "UI\", "{BF34C844-CA64-45DA-9B79-F3D3C06E9A3A}"
	ProjectSection(WebsiteProperties) = preProject
		TargetFrameworkMoniker = ".NETFramework,Version%3Dv4.0"
		Debug.AspNetCompiler.VirtualPath = "/localhost_57191"
		Debug.AspNetCompiler.PhysicalPath = "UI\"
		Debug.AspNetCompiler.TargetPath = "PrecompiledWeb\localhost_57191\"
		Debug.AspNetCompiler.Updateable = "true"
		Debug.AspNetCompiler.ForceOverwrite = "true"
		Debug.AspNetCompiler.FixedNames = "false"
		Debug.AspNetCompiler.Debug = "True"
		Release.AspNetCompiler.VirtualPath = "/localhost_57191"
		Release.AspNetCompiler.PhysicalPath = "UI\"
		Release.AspNetCompiler.TargetPath = "PrecompiledWeb\localhost_57191\"
		Release.AspNetCompiler.Updateable = "true"
		Release.AspNetCompiler.ForceOverwrite = "true"
		Release.AspNetCompiler.FixedNames = "false"
		Release.AspNetCompiler.Debug = "False"
		VWDPort = "57191"
		SlnRelativePath = "UI\"
	EndProjectSection
EndProject
Project("{9A19103F-16F7-4668-BE54-9A1E7A4F7556}") = "TLE.Web.Api", "TLE.Web.Api\TLE.Web.Api.csproj", "{438B79AA-FA8B-45CB-8004-A79034FEA22C}"
EndProject
Project("{00D1A9C2-B5F0-4AF3-8072-F6C62B433612}") = "TLE.DataBase", "TLE.DataBase\TLE.DataBase.sqlproj", "{F3977177-ECDF-40D6-8B7C-B3766CA9F62A}"
EndProject
Global
	GlobalSection(SolutionConfigurationPlatforms) = preSolution
		Debug|Any CPU = Debug|Any CPU
		Release|Any CPU = Release|Any CPU
	EndGlobalSection
	GlobalSection(ProjectConfigurationPlatforms) = postSolution
		{C8B3DDF5-5DE0-432A-8B46-5D9EDE1504CD}.Debug|Any CPU.ActiveCfg = Debug|Any CPU
		{C8B3DDF5-5DE0-432A-8B46-5D9EDE1504CD}.Debug|Any CPU.Build.0 = Debug|Any CPU
		{C8B3DDF5-5DE0-432A-8B46-5D9EDE1504CD}.Release|Any CPU.ActiveCfg = Release|Any CPU
		{C8B3DDF5-5DE0-432A-8B46-5D9EDE1504CD}.Release|Any CPU.Build.0 = Release|Any CPU
		{91F9AC4A-589E-450F-9203-6DC5129C854D}.Debug|Any CPU.ActiveCfg = Debug|Any CPU
		{91F9AC4A-589E-450F-9203-6DC5129C854D}.Debug|Any CPU.Build.0 = Debug|Any CPU
		{91F9AC4A-589E-450F-9203-6DC5129C854D}.Release|Any CPU.ActiveCfg = Release|Any CPU
		{91F9AC4A-589E-450F-9203-6DC5129C854D}.Release|Any CPU.Build.0 = Release|Any CPU
		{D8BEF8DE-661D-44DE-9650-99BFB4C0AA9B}.Debug|Any CPU.ActiveCfg = Debug|Any CPU
		{D8BEF8DE-661D-44DE-9650-99BFB4C0AA9B}.Debug|Any CPU.Build.0 = Debug|Any CPU
		{D8BEF8DE-661D-44DE-9650-99BFB4C0AA9B}.Release|Any CPU.ActiveCfg = Release|Any CPU
		{D8BEF8DE-661D-44DE-9650-99BFB4C0AA9B}.Release|Any CPU.Build.0 = Release|Any CPU
		{BF34C844-CA64-45DA-9B79-F3D3C06E9A3A}.Debug|Any CPU.ActiveCfg = Debug|Any CPU
		{BF34C844-CA64-45DA-9B79-F3D3C06E9A3A}.Debug|Any CPU.Build.0 = Debug|Any CPU
		{BF34C844-CA64-45DA-9B79-F3D3C06E9A3A}.Release|Any CPU.ActiveCfg = Debug|Any CPU
		{BF34C844-CA64-45DA-9B79-F3D3C06E9A3A}.Release|Any CPU.Build.0 = Debug|Any CPU
		{438B79AA-FA8B-45CB-8004-A79034FEA22C}.Debug|Any CPU.ActiveCfg = Debug|Any CPU
		{438B79AA-FA8B-45CB-8004-A79034FEA22C}.Debug|Any CPU.Build.0 = Debug|Any CPU
		{438B79AA-FA8B-45CB-8004-A79034FEA22C}.Release|Any CPU.ActiveCfg = Release|Any CPU
		{438B79AA-FA8B-45CB-8004-A79034FEA22C}.Release|Any CPU.Build.0 = Release|Any CPU
		{F3977177-ECDF-40D6-8B7C-B3766CA9F62A}.Debug|Any CPU.ActiveCfg = Debug|Any CPU
		{F3977177-ECDF-40D6-8B7C-B3766CA9F62A}.Debug|Any CPU.Build.0 = Debug|Any CPU
		{F3977177-ECDF-40D6-8B7C-B3766CA9F62A}.Debug|Any CPU.Deploy.0 = Debug|Any CPU
		{F3977177-ECDF-40D6-8B7C-B3766CA9F62A}.Release|Any CPU.ActiveCfg = Release|Any CPU
		{F3977177-ECDF-40D6-8B7C-B3766CA9F62A}.Release|Any CPU.Build.0 = Release|Any CPU
		{F3977177-ECDF-40D6-8B7C-B3766CA9F62A}.Release|Any CPU.Deploy.0 = Release|Any CPU
	EndGlobalSection
	GlobalSection(SolutionProperties) = preSolution
		HideSolutionNode = FALSE
	EndGlobalSection
	GlobalSection(ExtensibilityGlobals) = postSolution
		SolutionGuid = {00D81F2D-62B0-4258-9740-D641ED989010}
	EndGlobalSection
EndGlobal
